
Microsoft Visual Studio Solution File, Format Version 10.00
# Visual Studio 2008
Project("{8BC9CEB8-8B4A-11D0-8D11-00A0C91BC942}") = "DriverStripper", "DriverStripper.vcproj", "{EE3C8134-54CB-48F8-AA00-2C532AD0DED4}"
EndProject
Global
	GlobalSection(SolutionConfigurationPlatforms) = preSolution
		Debug|Win32 = Debug|Win32
		Release|Win32 = Release|Win32
	EndGlobalSection
	GlobalSection(ProjectConfigurationPlatforms) = postSolution
		{EE3C8134-54CB-48F8-AA00-2C532AD0DED4}.Debug|Win32.ActiveCfg = Debug|Win32
		{EE3C8134-54CB-48F8-AA00-2C532AD0DED4}.Debug|Win32.Build.0 = Debug|Win32
		{EE3C8134-54CB-48F8-AA00-2C532AD0DED4}.Release|Win32.ActiveCfg = Release|Win32
		{EE3C8134-54CB-48F8-AA00-2C532AD0DED4}.Release|Win32.Build.0 = Release|Win32
	EndGlobalSection
	GlobalSection(SolutionProperties) = preSolution
		HideSolutionNode = FALSE
	EndGlobalSection
EndGlobal
