<?xml version="1.0" encoding="utf-8"?>
<Project ToolsVersion="4.0" xmlns="http://schemas.microsoft.com/developer/msbuild/2003">
  <ItemGroup>
    <Filter Include="Source Files">
      <UniqueIdentifier>{4FC737F1-C7A5-4376-A066-2A32D752A2FF}</UniqueIdentifier>
      <Extensions>cpp;c;cc;cxx;def;odl;idl;hpj;bat;asm;asmx</Extensions>
    </Filter>
    <Filter Include="Header Files">
      <UniqueIdentifier>{93995380-89BD-4b04-88EB-625FBE52EBFB}</UniqueIdentifier>
      <Extensions>h;hpp;hxx;hm;inl;inc;xsd</Extensions>
    </Filter>
    <Filter Include="Resource Files">
      <UniqueIdentifier>{67DA6AB6-F800-4c08-8B7A-83BB121AAD01}</UniqueIdentifier>
      <Extensions>rc;ico;cur;bmp;dlg;rc2;rct;bin;rgs;gif;jpg;jpeg;jpe;resx;tiff;tif;png;wav</Extensions>
    </Filter>
  </ItemGroup>
  <ItemGroup>
    <ClCompile Include="GDT.cpp">
      <Filter>Source Files</Filter>
    </ClCompile>
    <ClCompile Include="Global.cpp">
      <Filter>Source Files</Filter>
    </ClCompile>
    <ClCompile Include="IDT.cpp">
      <Filter>Source Files</Filter>
    </ClCompile>
    <ClCompile Include="IntManager.cpp">
      <Filter>Source Files</Filter>
    </ClCompile>
    <ClCompile Include="Kernel.cpp">
      <Filter>Source Files</Filter>
    </ClCompile>
    <ClCompile Include="main.cpp">
      <Filter>Source Files</Filter>
    </ClCompile>
    <ClCompile Include="OpNewDel.cpp">
      <Filter>Source Files</Filter>
    </ClCompile>
    <ClCompile Include="PDE.cpp">
      <Filter>Source Files</Filter>
    </ClCompile>
    <ClCompile Include="PhysMemManager.cpp">
      <Filter>Source Files</Filter>
    </ClCompile>
    <ClCompile Include="PTE.cpp">
      <Filter>Source Files</Filter>
    </ClCompile>
    <ClCompile Include="Task.cpp">
      <Filter>Source Files</Filter>
    </ClCompile>
    <ClCompile Include="Thread.cpp">
      <Filter>Source Files</Filter>
    </ClCompile>
    <ClCompile Include="Tss.cpp">
      <Filter>Source Files</Filter>
    </ClCompile>
  </ItemGroup>
  <ItemGroup>
    <ClInclude Include="Library\Array2.h">
      <Filter>Header Files</Filter>
    </ClInclude>
    <ClInclude Include="BitOp.h">
      <Filter>Header Files</Filter>
    </ClInclude>
    <ClInclude Include="CallRequest.h">
      <Filter>Header Files</Filter>
    </ClInclude>
    <ClInclude Include="ChainMapping.h">
      <Filter>Header Files</Filter>
    </ClInclude>
    <ClInclude Include="Library\Defs.h">
      <Filter>Header Files</Filter>
    </ClInclude>
    <ClInclude Include="Descriptor.h">
      <Filter>Header Files</Filter>
    </ClInclude>
    <ClInclude Include="Gate.h">
      <Filter>Header Files</Filter>
    </ClInclude>
    <ClInclude Include="GDT.h">
      <Filter>Header Files</Filter>
    </ClInclude>
    <ClInclude Include="Global.h">
      <Filter>Header Files</Filter>
    </ClInclude>
    <ClInclude Include="Heap.h">
      <Filter>Header Files</Filter>
    </ClInclude>
    <ClInclude Include="IDT.h">
      <Filter>Header Files</Filter>
    </ClInclude>
    <ClInclude Include="IntManager.h">
      <Filter>Header Files</Filter>
    </ClInclude>
    <ClInclude Include="Intrinsics.h">
      <Filter>Header Files</Filter>
    </ClInclude>
    <ClInclude Include="Kernel.h">
      <Filter>Header Files</Filter>
    </ClInclude>
    <ClInclude Include="List.h">
      <Filter>Header Files</Filter>
    </ClInclude>
    <ClInclude Include="MultiMappedChain.h">
      <Filter>Header Files</Filter>
    </ClInclude>
    <ClInclude Include="Notification.h">
      <Filter>Header Files</Filter>
    </ClInclude>
    <ClInclude Include="NotificationQueue.h">
      <Filter>Header Files</Filter>
    </ClInclude>
    <ClInclude Include="OpNewDel.h">
      <Filter>Header Files</Filter>
    </ClInclude>
    <ClInclude Include="PageChain.h">
      <Filter>Header Files</Filter>
    </ClInclude>
    <ClInclude Include="PagedQueue.h">
      <Filter>Header Files</Filter>
    </ClInclude>
    <ClInclude Include="PD.h">
      <Filter>Header Files</Filter>
    </ClInclude>
    <ClInclude Include="PDE.h">
      <Filter>Header Files</Filter>
    </ClInclude>
    <ClInclude Include="PhysMemManager.h">
      <Filter>Header Files</Filter>
    </ClInclude>
    <ClInclude Include="PT.h">
      <Filter>Header Files</Filter>
    </ClInclude>
    <ClInclude Include="PTE.h">
      <Filter>Header Files</Filter>
    </ClInclude>
    <ClInclude Include="SingleMappedChain.h">
      <Filter>Header Files</Filter>
    </ClInclude>
    <ClInclude Include="Library\SmartPtr.h">
      <Filter>Header Files</Filter>
    </ClInclude>
    <ClInclude Include="Task.h">
      <Filter>Header Files</Filter>
    </ClInclude>
    <ClInclude Include="Thread.h">
      <Filter>Header Files</Filter>
    </ClInclude>
    <ClInclude Include="Tss.h">
      <Filter>Header Files</Filter>
    </ClInclude>
    <ClInclude Include="UniPtr.h">
      <Filter>Header Files</Filter>
    </ClInclude>
    <ClInclude Include="UserHeap.h">
      <Filter>Header Files</Filter>
    </ClInclude>
    <ClInclude Include="VirtMemManager.h">
      <Filter>Header Files</Filter>
    </ClInclude>
    <ClInclude Include="FString.h">
      <Filter>Header Files</Filter>
    </ClInclude>
    <ClInclude Include="CRC32.h">
      <Filter>Header Files</Filter>
    </ClInclude>
  </ItemGroup>
</Project>